// !$*UTF8*$!
{
	archiveVersion = 1;
	classes = {
	};
	objectVersion = 56;
	objects = {

/* Begin PBXBuildFile section */
		0248B3C82A698843000D19E5 /* CommerceDemoxApp.swift in Sources */ = {isa = PBXBuildFile; fileRef = 0248B3C72A698843000D19E5 /* CommerceDemoxApp.swift */; };
		0248B3CA2A698843000D19E5 /* ContentView.swift in Sources */ = {isa = PBXBuildFile; fileRef = 0248B3C92A698843000D19E5 /* ContentView.swift */; };
		0248B3CC2A698845000D19E5 /* Assets.xcassets in Resources */ = {isa = PBXBuildFile; fileRef = 0248B3CB2A698845000D19E5 /* Assets.xcassets */; };
		0248B3CF2A698845000D19E5 /* Preview Assets.xcassets in Resources */ = {isa = PBXBuildFile; fileRef = 0248B3CE2A698845000D19E5 /* Preview Assets.xcassets */; };
		0248B3D92A698845000D19E5 /* CommerceDemoxTests.swift in Sources */ = {isa = PBXBuildFile; fileRef = 0248B3D82A698845000D19E5 /* CommerceDemoxTests.swift */; };
		0248B3E32A698845000D19E5 /* CommerceDemoxUITests.swift in Sources */ = {isa = PBXBuildFile; fileRef = 0248B3E22A698845000D19E5 /* CommerceDemoxUITests.swift */; };
		0248B3E52A698845000D19E5 /* CommerceDemoxUITestsLaunchTests.swift in Sources */ = {isa = PBXBuildFile; fileRef = 0248B3E42A698845000D19E5 /* CommerceDemoxUITestsLaunchTests.swift */; };
		0248B3F32A698880000D19E5 /* ProductListViewModel.swift in Sources */ = {isa = PBXBuildFile; fileRef = 0248B3F22A698880000D19E5 /* ProductListViewModel.swift */; };
		0248B3F62A6988C5000D19E5 /* NetworkAbleProtocol.swift in Sources */ = {isa = PBXBuildFile; fileRef = 0248B3F52A6988C5000D19E5 /* NetworkAbleProtocol.swift */; };
		0248B3F82A6988F3000D19E5 /* NetworkError.swift in Sources */ = {isa = PBXBuildFile; fileRef = 0248B3F72A6988F3000D19E5 /* NetworkError.swift */; };
		0248B3FA2A69896E000D19E5 /* NetworkManager.swift in Sources */ = {isa = PBXBuildFile; fileRef = 0248B3F92A69896E000D19E5 /* NetworkManager.swift */; };
		0248B3FC2A698992000D19E5 /* NetworkResponseProtocol.swift in Sources */ = {isa = PBXBuildFile; fileRef = 0248B3FB2A698992000D19E5 /* NetworkResponseProtocol.swift */; };
		0248B3FE2A6989B1000D19E5 /* ApiManager.swift in Sources */ = {isa = PBXBuildFile; fileRef = 0248B3FD2A6989B1000D19E5 /* ApiManager.swift */; };
		0248B4022A698A23000D19E5 /* MyCartScreen.swift in Sources */ = {isa = PBXBuildFile; fileRef = 0248B4012A698A23000D19E5 /* MyCartScreen.swift */; };
		0248B4042A698A54000D19E5 /* TabBarControllerScreen.swift in Sources */ = {isa = PBXBuildFile; fileRef = 0248B4032A698A53000D19E5 /* TabBarControllerScreen.swift */; };
		0248B4082A698D53000D19E5 /* SearchBar.swift in Sources */ = {isa = PBXBuildFile; fileRef = 0248B4072A698D53000D19E5 /* SearchBar.swift */; };
		0248B40A2A698D8B000D19E5 /* FiltersBar.swift in Sources */ = {isa = PBXBuildFile; fileRef = 0248B4092A698D8B000D19E5 /* FiltersBar.swift */; };
		0248B40D2A698E59000D19E5 /* SectionHeader.swift in Sources */ = {isa = PBXBuildFile; fileRef = 0248B40C2A698E59000D19E5 /* SectionHeader.swift */; };
		0248B40F2A698ED7000D19E5 /* GridCell.swift in Sources */ = {isa = PBXBuildFile; fileRef = 0248B40E2A698ED7000D19E5 /* GridCell.swift */; };
		0248B4122A698F56000D19E5 /* Category.swift in Sources */ = {isa = PBXBuildFile; fileRef = 0248B4112A698F56000D19E5 /* Category.swift */; };
		0248B4152A698F9D000D19E5 /* HeaderBarView.swift in Sources */ = {isa = PBXBuildFile; fileRef = 0248B4142A698F9D000D19E5 /* HeaderBarView.swift */; };
		0248B4192A69900D000D19E5 /* CartListCellView.swift in Sources */ = {isa = PBXBuildFile; fileRef = 0248B4182A69900D000D19E5 /* CartListCellView.swift */; };
		0248B41B2A699036000D19E5 /* WideButton.swift in Sources */ = {isa = PBXBuildFile; fileRef = 0248B41A2A699036000D19E5 /* WideButton.swift */; };
		0248B41D2A699077000D19E5 /* VLine.swift in Sources */ = {isa = PBXBuildFile; fileRef = 0248B41C2A699077000D19E5 /* VLine.swift */; };
		0248B41F2A699095000D19E5 /* HLine.swift in Sources */ = {isa = PBXBuildFile; fileRef = 0248B41E2A699095000D19E5 /* HLine.swift */; };
		028A05FF2A8AAE910008F2F8 /* PaymentManager.swift in Sources */ = {isa = PBXBuildFile; fileRef = 028A05FE2A8AAE910008F2F8 /* PaymentManager.swift */; };
		02EBD62F2A69924B001EDF95 /* UserInfoBarView.swift in Sources */ = {isa = PBXBuildFile; fileRef = 02EBD62E2A69924B001EDF95 /* UserInfoBarView.swift */; };
		02EBD6312A69C4AB001EDF95 /* ProductDetailsScreen.swift in Sources */ = {isa = PBXBuildFile; fileRef = 02EBD6302A69C4AB001EDF95 /* ProductDetailsScreen.swift */; };
		02EBD6332A69D06C001EDF95 /* Increment_Button.swift in Sources */ = {isa = PBXBuildFile; fileRef = 02EBD6322A69D06C001EDF95 /* Increment_Button.swift */; };
		02EBD63B2A6A2BDC001EDF95 /* ProductDetails.swift in Sources */ = {isa = PBXBuildFile; fileRef = 02EBD63A2A6A2BDC001EDF95 /* ProductDetails.swift */; };
		02EBD63D2A6A33CA001EDF95 /* ProductImagesView.swift in Sources */ = {isa = PBXBuildFile; fileRef = 02EBD63C2A6A33CA001EDF95 /* ProductImagesView.swift */; };
		02EBD63F2A6A3B8D001EDF95 /* SelectableCircles.swift in Sources */ = {isa = PBXBuildFile; fileRef = 02EBD63E2A6A3B8D001EDF95 /* SelectableCircles.swift */; };
		02EBD6422A6AB743001EDF95 /* Localizable.strings in Resources */ = {isa = PBXBuildFile; fileRef = 02EBD6442A6AB743001EDF95 /* Localizable.strings */; };
		02EBD7382A6FDB49001EDF95 /* ProductResponseKeyName.swift in Sources */ = {isa = PBXBuildFile; fileRef = 02EBD7372A6FDB49001EDF95 /* ProductResponseKeyName.swift */; };
		02EBD73A2A6FE470001EDF95 /* GridCellButton.swift in Sources */ = {isa = PBXBuildFile; fileRef = 02EBD7392A6FE470001EDF95 /* GridCellButton.swift */; };
/* End PBXBuildFile section */

/* Begin PBXContainerItemProxy section */
		0248B3D52A698845000D19E5 /* PBXContainerItemProxy */ = {
			isa = PBXContainerItemProxy;
			containerPortal = 0248B3BC2A698843000D19E5 /* Project object */;
			proxyType = 1;
			remoteGlobalIDString = 0248B3C32A698843000D19E5;
			remoteInfo = CommerceDemox;
		};
		0248B3DF2A698845000D19E5 /* PBXContainerItemProxy */ = {
			isa = PBXContainerItemProxy;
			containerPortal = 0248B3BC2A698843000D19E5 /* Project object */;
			proxyType = 1;
			remoteGlobalIDString = 0248B3C32A698843000D19E5;
			remoteInfo = CommerceDemox;
		};
/* End PBXContainerItemProxy section */

/* Begin PBXFileReference section */
		0248B3C42A698843000D19E5 /* CommerceDemox.app */ = {isa = PBXFileReference; explicitFileType = wrapper.application; includeInIndex = 0; path = CommerceDemox.app; sourceTree = BUILT_PRODUCTS_DIR; };
		0248B3C72A698843000D19E5 /* CommerceDemoxApp.swift */ = {isa = PBXFileReference; lastKnownFileType = sourcecode.swift; path = CommerceDemoxApp.swift; sourceTree = "<group>"; };
		0248B3C92A698843000D19E5 /* ContentView.swift */ = {isa = PBXFileReference; lastKnownFileType = sourcecode.swift; path = ContentView.swift; sourceTree = "<group>"; };
		0248B3CB2A698845000D19E5 /* Assets.xcassets */ = {isa = PBXFileReference; lastKnownFileType = folder.assetcatalog; path = Assets.xcassets; sourceTree = "<group>"; };
		0248B3CE2A698845000D19E5 /* Preview Assets.xcassets */ = {isa = PBXFileReference; lastKnownFileType = folder.assetcatalog; path = "Preview Assets.xcassets"; sourceTree = "<group>"; };
		0248B3D42A698845000D19E5 /* CommerceDemoxTests.xctest */ = {isa = PBXFileReference; explicitFileType = wrapper.cfbundle; includeInIndex = 0; path = CommerceDemoxTests.xctest; sourceTree = BUILT_PRODUCTS_DIR; };
		0248B3D82A698845000D19E5 /* CommerceDemoxTests.swift */ = {isa = PBXFileReference; lastKnownFileType = sourcecode.swift; path = CommerceDemoxTests.swift; sourceTree = "<group>"; };
		0248B3DE2A698845000D19E5 /* CommerceDemoxUITests.xctest */ = {isa = PBXFileReference; explicitFileType = wrapper.cfbundle; includeInIndex = 0; path = CommerceDemoxUITests.xctest; sourceTree = BUILT_PRODUCTS_DIR; };
		0248B3E22A698845000D19E5 /* CommerceDemoxUITests.swift */ = {isa = PBXFileReference; lastKnownFileType = sourcecode.swift; path = CommerceDemoxUITests.swift; sourceTree = "<group>"; };
		0248B3E42A698845000D19E5 /* CommerceDemoxUITestsLaunchTests.swift */ = {isa = PBXFileReference; lastKnownFileType = sourcecode.swift; path = CommerceDemoxUITestsLaunchTests.swift; sourceTree = "<group>"; };
		0248B3F22A698880000D19E5 /* ProductListViewModel.swift */ = {isa = PBXFileReference; lastKnownFileType = sourcecode.swift; path = ProductListViewModel.swift; sourceTree = "<group>"; };
		0248B3F52A6988C5000D19E5 /* NetworkAbleProtocol.swift */ = {isa = PBXFileReference; lastKnownFileType = sourcecode.swift; path = NetworkAbleProtocol.swift; sourceTree = "<group>"; };
		0248B3F72A6988F3000D19E5 /* NetworkError.swift */ = {isa = PBXFileReference; lastKnownFileType = sourcecode.swift; path = NetworkError.swift; sourceTree = "<group>"; };
		0248B3F92A69896E000D19E5 /* NetworkManager.swift */ = {isa = PBXFileReference; lastKnownFileType = sourcecode.swift; path = NetworkManager.swift; sourceTree = "<group>"; };
		0248B3FB2A698992000D19E5 /* NetworkResponseProtocol.swift */ = {isa = PBXFileReference; lastKnownFileType = sourcecode.swift; path = NetworkResponseProtocol.swift; sourceTree = "<group>"; };
		0248B3FD2A6989B1000D19E5 /* ApiManager.swift */ = {isa = PBXFileReference; lastKnownFileType = sourcecode.swift; path = ApiManager.swift; sourceTree = "<group>"; };
		0248B4012A698A23000D19E5 /* MyCartScreen.swift */ = {isa = PBXFileReference; lastKnownFileType = sourcecode.swift; path = MyCartScreen.swift; sourceTree = "<group>"; };
		0248B4032A698A53000D19E5 /* TabBarControllerScreen.swift */ = {isa = PBXFileReference; lastKnownFileType = sourcecode.swift; path = TabBarControllerScreen.swift; sourceTree = "<group>"; };
		0248B4072A698D53000D19E5 /* SearchBar.swift */ = {isa = PBXFileReference; lastKnownFileType = sourcecode.swift; path = SearchBar.swift; sourceTree = "<group>"; };
		0248B4092A698D8B000D19E5 /* FiltersBar.swift */ = {isa = PBXFileReference; lastKnownFileType = sourcecode.swift; path = FiltersBar.swift; sourceTree = "<group>"; };
		0248B40C2A698E59000D19E5 /* SectionHeader.swift */ = {isa = PBXFileReference; lastKnownFileType = sourcecode.swift; path = SectionHeader.swift; sourceTree = "<group>"; };
		0248B40E2A698ED7000D19E5 /* GridCell.swift */ = {isa = PBXFileReference; lastKnownFileType = sourcecode.swift; path = GridCell.swift; sourceTree = "<group>"; };
		0248B4112A698F56000D19E5 /* Category.swift */ = {isa = PBXFileReference; lastKnownFileType = sourcecode.swift; path = Category.swift; sourceTree = "<group>"; };
		0248B4142A698F9D000D19E5 /* HeaderBarView.swift */ = {isa = PBXFileReference; lastKnownFileType = sourcecode.swift; path = HeaderBarView.swift; sourceTree = "<group>"; };
		0248B4182A69900D000D19E5 /* CartListCellView.swift */ = {isa = PBXFileReference; lastKnownFileType = sourcecode.swift; path = CartListCellView.swift; sourceTree = "<group>"; };
		0248B41A2A699036000D19E5 /* WideButton.swift */ = {isa = PBXFileReference; lastKnownFileType = sourcecode.swift; path = WideButton.swift; sourceTree = "<group>"; };
		0248B41C2A699077000D19E5 /* VLine.swift */ = {isa = PBXFileReference; lastKnownFileType = sourcecode.swift; path = VLine.swift; sourceTree = "<group>"; };
		0248B41E2A699095000D19E5 /* HLine.swift */ = {isa = PBXFileReference; lastKnownFileType = sourcecode.swift; path = HLine.swift; sourceTree = "<group>"; };
		028A05FE2A8AAE910008F2F8 /* PaymentManager.swift */ = {isa = PBXFileReference; lastKnownFileType = sourcecode.swift; path = PaymentManager.swift; sourceTree = "<group>"; };
		028A06002A8AAEFA0008F2F8 /* CommerceDemox.entitlements */ = {isa = PBXFileReference; lastKnownFileType = text.plist.entitlements; path = CommerceDemox.entitlements; sourceTree = "<group>"; };
		02EBD62E2A69924B001EDF95 /* UserInfoBarView.swift */ = {isa = PBXFileReference; lastKnownFileType = sourcecode.swift; path = UserInfoBarView.swift; sourceTree = "<group>"; };
		02EBD6302A69C4AB001EDF95 /* ProductDetailsScreen.swift */ = {isa = PBXFileReference; lastKnownFileType = sourcecode.swift; path = ProductDetailsScreen.swift; sourceTree = "<group>"; };
		02EBD6322A69D06C001EDF95 /* Increment_Button.swift */ = {isa = PBXFileReference; lastKnownFileType = sourcecode.swift; path = Increment_Button.swift; sourceTree = "<group>"; };
		02EBD63A2A6A2BDC001EDF95 /* ProductDetails.swift */ = {isa = PBXFileReference; lastKnownFileType = sourcecode.swift; path = ProductDetails.swift; sourceTree = "<group>"; };
		02EBD63C2A6A33CA001EDF95 /* ProductImagesView.swift */ = {isa = PBXFileReference; lastKnownFileType = sourcecode.swift; path = ProductImagesView.swift; sourceTree = "<group>"; };
		02EBD63E2A6A3B8D001EDF95 /* SelectableCircles.swift */ = {isa = PBXFileReference; lastKnownFileType = sourcecode.swift; path = SelectableCircles.swift; sourceTree = "<group>"; };
		02EBD6432A6AB743001EDF95 /* en */ = {isa = PBXFileReference; lastKnownFileType = text.plist.strings; name = en; path = en.lproj/Localizable.strings; sourceTree = "<group>"; };
		02EBD6452A6AB758001EDF95 /* fr */ = {isa = PBXFileReference; lastKnownFileType = text.plist.strings; name = fr; path = fr.lproj/Localizable.strings; sourceTree = "<group>"; };
		02EBD6462A6AB75F001EDF95 /* vi */ = {isa = PBXFileReference; lastKnownFileType = text.plist.strings; name = vi; path = vi.lproj/Localizable.strings; sourceTree = "<group>"; };
		02EBD7372A6FDB49001EDF95 /* ProductResponseKeyName.swift */ = {isa = PBXFileReference; lastKnownFileType = sourcecode.swift; path = ProductResponseKeyName.swift; sourceTree = "<group>"; };
		02EBD7392A6FE470001EDF95 /* GridCellButton.swift */ = {isa = PBXFileReference; lastKnownFileType = sourcecode.swift; path = GridCellButton.swift; sourceTree = "<group>"; };
/* End PBXFileReference section */

/* Begin PBXFrameworksBuildPhase section */
		0248B3C12A698843000D19E5 /* Frameworks */ = {
			isa = PBXFrameworksBuildPhase;
			buildActionMask = 2147483647;
			files = (
			);
			runOnlyForDeploymentPostprocessing = 0;
		};
		0248B3D12A698845000D19E5 /* Frameworks */ = {
			isa = PBXFrameworksBuildPhase;
			buildActionMask = 2147483647;
			files = (
			);
			runOnlyForDeploymentPostprocessing = 0;
		};
		0248B3DB2A698845000D19E5 /* Frameworks */ = {
			isa = PBXFrameworksBuildPhase;
			buildActionMask = 2147483647;
			files = (
			);
			runOnlyForDeploymentPostprocessing = 0;
		};
/* End PBXFrameworksBuildPhase section */

/* Begin PBXGroup section */
		0248B3BB2A698843000D19E5 = {
			isa = PBXGroup;
			children = (
				0248B3C62A698843000D19E5 /* CommerceDemox */,
				0248B3D72A698845000D19E5 /* CommerceDemoxTests */,
				0248B3E12A698845000D19E5 /* CommerceDemoxUITests */,
				0248B3C52A698843000D19E5 /* Products */,
			);
			sourceTree = "<group>";
		};
		0248B3C52A698843000D19E5 /* Products */ = {
			isa = PBXGroup;
			children = (
				0248B3C42A698843000D19E5 /* CommerceDemox.app */,
				0248B3D42A698845000D19E5 /* CommerceDemoxTests.xctest */,
				0248B3DE2A698845000D19E5 /* CommerceDemoxUITests.xctest */,
			);
			name = Products;
			sourceTree = "<group>";
		};
		0248B3C62A698843000D19E5 /* CommerceDemox */ = {
			isa = PBXGroup;
			children = (
				028A06002A8AAEFA0008F2F8 /* CommerceDemox.entitlements */,
				0248B4102A698F40000D19E5 /* Model */,
				0248B4002A698A06000D19E5 /* View */,
				0248B3F12A698856000D19E5 /* ViewModel */,
				0248B3F42A6988A0000D19E5 /* Network */,
				0248B4132A698F84000D19E5 /* Common */,
				0248B3C72A698843000D19E5 /* CommerceDemoxApp.swift */,
				0248B3CB2A698845000D19E5 /* Assets.xcassets */,
				02EBD6442A6AB743001EDF95 /* Localizable.strings */,
				0248B3CD2A698845000D19E5 /* Preview Content */,
				028A05FE2A8AAE910008F2F8 /* PaymentManager.swift */,
			);
			path = CommerceDemox;
			sourceTree = "<group>";
		};
		0248B3CD2A698845000D19E5 /* Preview Content */ = {
			isa = PBXGroup;
			children = (
				0248B3CE2A698845000D19E5 /* Preview Assets.xcassets */,
			);
			path = "Preview Content";
			sourceTree = "<group>";
		};
		0248B3D72A698845000D19E5 /* CommerceDemoxTests */ = {
			isa = PBXGroup;
			children = (
				0248B3D82A698845000D19E5 /* CommerceDemoxTests.swift */,
			);
			path = CommerceDemoxTests;
			sourceTree = "<group>";
		};
		0248B3E12A698845000D19E5 /* CommerceDemoxUITests */ = {
			isa = PBXGroup;
			children = (
				0248B3E22A698845000D19E5 /* CommerceDemoxUITests.swift */,
				0248B3E42A698845000D19E5 /* CommerceDemoxUITestsLaunchTests.swift */,
			);
			path = CommerceDemoxUITests;
			sourceTree = "<group>";
		};
		0248B3F12A698856000D19E5 /* ViewModel */ = {
			isa = PBXGroup;
			children = (
				0248B3F22A698880000D19E5 /* ProductListViewModel.swift */,
			);
			path = ViewModel;
			sourceTree = "<group>";
		};
		0248B3F42A6988A0000D19E5 /* Network */ = {
			isa = PBXGroup;
			children = (
				0248B3F52A6988C5000D19E5 /* NetworkAbleProtocol.swift */,
				0248B3F72A6988F3000D19E5 /* NetworkError.swift */,
				0248B3F92A69896E000D19E5 /* NetworkManager.swift */,
				0248B3FB2A698992000D19E5 /* NetworkResponseProtocol.swift */,
				0248B3FD2A6989B1000D19E5 /* ApiManager.swift */,
				02EBD7372A6FDB49001EDF95 /* ProductResponseKeyName.swift */,
			);
			path = Network;
			sourceTree = "<group>";
		};
		0248B4002A698A06000D19E5 /* View */ = {
			isa = PBXGroup;
			children = (
				0248B3C92A698843000D19E5 /* ContentView.swift */,
				0248B4012A698A23000D19E5 /* MyCartScreen.swift */,
				0248B4032A698A53000D19E5 /* TabBarControllerScreen.swift */,
				02EBD6302A69C4AB001EDF95 /* ProductDetailsScreen.swift */,
				0248B4062A698D3B000D19E5 /* Elements */,
			);
			path = View;
			sourceTree = "<group>";
		};
		0248B4062A698D3B000D19E5 /* Elements */ = {
			isa = PBXGroup;
			children = (
				02EBD62E2A69924B001EDF95 /* UserInfoBarView.swift */,
				0248B4182A69900D000D19E5 /* CartListCellView.swift */,
				0248B4142A698F9D000D19E5 /* HeaderBarView.swift */,
				0248B4072A698D53000D19E5 /* SearchBar.swift */,
				0248B4092A698D8B000D19E5 /* FiltersBar.swift */,
				0248B40E2A698ED7000D19E5 /* GridCell.swift */,
				02EBD63A2A6A2BDC001EDF95 /* ProductDetails.swift */,
				02EBD63C2A6A33CA001EDF95 /* ProductImagesView.swift */,
				02EBD7392A6FE470001EDF95 /* GridCellButton.swift */,
			);
			path = Elements;
			sourceTree = "<group>";
		};
		0248B4102A698F40000D19E5 /* Model */ = {
			isa = PBXGroup;
			children = (
				0248B4112A698F56000D19E5 /* Category.swift */,
			);
			path = Model;
			sourceTree = "<group>";
		};
		0248B4132A698F84000D19E5 /* Common */ = {
			isa = PBXGroup;
			children = (
				0248B41A2A699036000D19E5 /* WideButton.swift */,
				02EBD6322A69D06C001EDF95 /* Increment_Button.swift */,
				0248B40C2A698E59000D19E5 /* SectionHeader.swift */,
				0248B41C2A699077000D19E5 /* VLine.swift */,
				0248B41E2A699095000D19E5 /* HLine.swift */,
				02EBD63E2A6A3B8D001EDF95 /* SelectableCircles.swift */,
			);
			path = Common;
			sourceTree = "<group>";
		};
/* End PBXGroup section */

/* Begin PBXNativeTarget section */
		0248B3C32A698843000D19E5 /* CommerceDemox */ = {
			isa = PBXNativeTarget;
			buildConfigurationList = 0248B3E82A698845000D19E5 /* Build configuration list for PBXNativeTarget "CommerceDemox" */;
			buildPhases = (
				0248B3C02A698843000D19E5 /* Sources */,
				0248B3C12A698843000D19E5 /* Frameworks */,
				0248B3C22A698843000D19E5 /* Resources */,
			);
			buildRules = (
			);
			dependencies = (
			);
			name = CommerceDemox;
			productName = CommerceDemox;
			productReference = 0248B3C42A698843000D19E5 /* CommerceDemox.app */;
			productType = "com.apple.product-type.application";
		};
		0248B3D32A698845000D19E5 /* CommerceDemoxTests */ = {
			isa = PBXNativeTarget;
			buildConfigurationList = 0248B3EB2A698845000D19E5 /* Build configuration list for PBXNativeTarget "CommerceDemoxTests" */;
			buildPhases = (
				0248B3D02A698845000D19E5 /* Sources */,
				0248B3D12A698845000D19E5 /* Frameworks */,
				0248B3D22A698845000D19E5 /* Resources */,
			);
			buildRules = (
			);
			dependencies = (
				0248B3D62A698845000D19E5 /* PBXTargetDependency */,
			);
			name = CommerceDemoxTests;
			productName = CommerceDemoxTests;
			productReference = 0248B3D42A698845000D19E5 /* CommerceDemoxTests.xctest */;
			productType = "com.apple.product-type.bundle.unit-test";
		};
		0248B3DD2A698845000D19E5 /* CommerceDemoxUITests */ = {
			isa = PBXNativeTarget;
			buildConfigurationList = 0248B3EE2A698845000D19E5 /* Build configuration list for PBXNativeTarget "CommerceDemoxUITests" */;
			buildPhases = (
				0248B3DA2A698845000D19E5 /* Sources */,
				0248B3DB2A698845000D19E5 /* Frameworks */,
				0248B3DC2A698845000D19E5 /* Resources */,
			);
			buildRules = (
			);
			dependencies = (
				0248B3E02A698845000D19E5 /* PBXTargetDependency */,
			);
			name = CommerceDemoxUITests;
			productName = CommerceDemoxUITests;
			productReference = 0248B3DE2A698845000D19E5 /* CommerceDemoxUITests.xctest */;
			productType = "com.apple.product-type.bundle.ui-testing";
		};
/* End PBXNativeTarget section */

/* Begin PBXProject section */
		0248B3BC2A698843000D19E5 /* Project object */ = {
			isa = PBXProject;
			attributes = {
				BuildIndependentTargetsInParallel = 1;
				LastSwiftUpdateCheck = 1430;
				LastUpgradeCheck = 1430;
				TargetAttributes = {
					0248B3C32A698843000D19E5 = {
						CreatedOnToolsVersion = 14.3.1;
					};
					0248B3D32A698845000D19E5 = {
						CreatedOnToolsVersion = 14.3.1;
						TestTargetID = 0248B3C32A698843000D19E5;
					};
					0248B3DD2A698845000D19E5 = {
						CreatedOnToolsVersion = 14.3.1;
						TestTargetID = 0248B3C32A698843000D19E5;
					};
				};
			};
			buildConfigurationList = 0248B3BF2A698843000D19E5 /* Build configuration list for PBXProject "CommerceDemox" */;
			compatibilityVersion = "Xcode 14.0";
			developmentRegion = en;
			hasScannedForEncodings = 0;
			knownRegions = (
				en,
				Base,
				fr,
				vi,
			);
			mainGroup = 0248B3BB2A698843000D19E5;
			productRefGroup = 0248B3C52A698843000D19E5 /* Products */;
			projectDirPath = "";
			projectRoot = "";
			targets = (
				0248B3C32A698843000D19E5 /* CommerceDemox */,
				0248B3D32A698845000D19E5 /* CommerceDemoxTests */,
				0248B3DD2A698845000D19E5 /* CommerceDemoxUITests */,
			);
		};
/* End PBXProject section */

/* Begin PBXResourcesBuildPhase section */
		0248B3C22A698843000D19E5 /* Resources */ = {
			isa = PBXResourcesBuildPhase;
			buildActionMask = 2147483647;
			files = (
				0248B3CF2A698845000D19E5 /* Preview Assets.xcassets in Resources */,
				02EBD6422A6AB743001EDF95 /* Localizable.strings in Resources */,
				0248B3CC2A698845000D19E5 /* Assets.xcassets in Resources */,
			);
			runOnlyForDeploymentPostprocessing = 0;
		};
		0248B3D22A698845000D19E5 /* Resources */ = {
			isa = PBXResourcesBuildPhase;
			buildActionMask = 2147483647;
			files = (
			);
			runOnlyForDeploymentPostprocessing = 0;
		};
		0248B3DC2A698845000D19E5 /* Resources */ = {
			isa = PBXResourcesBuildPhase;
			buildActionMask = 2147483647;
			files = (
			);
			runOnlyForDeploymentPostprocessing = 0;
		};
/* End PBXResourcesBuildPhase section */

/* Begin PBXSourcesBuildPhase section */
		0248B3C02A698843000D19E5 /* Sources */ = {
			isa = PBXSourcesBuildPhase;
			buildActionMask = 2147483647;
			files = (
				02EBD63D2A6A33CA001EDF95 /* ProductImagesView.swift in Sources */,
				0248B3FE2A6989B1000D19E5 /* ApiManager.swift in Sources */,
				0248B3FA2A69896E000D19E5 /* NetworkManager.swift in Sources */,
				0248B3F62A6988C5000D19E5 /* NetworkAbleProtocol.swift in Sources */,
				0248B40F2A698ED7000D19E5 /* GridCell.swift in Sources */,
				0248B4042A698A54000D19E5 /* TabBarControllerScreen.swift in Sources */,
				0248B4192A69900D000D19E5 /* CartListCellView.swift in Sources */,
				0248B3CA2A698843000D19E5 /* ContentView.swift in Sources */,
				0248B3FC2A698992000D19E5 /* NetworkResponseProtocol.swift in Sources */,
				02EBD6332A69D06C001EDF95 /* Increment_Button.swift in Sources */,
				0248B4152A698F9D000D19E5 /* HeaderBarView.swift in Sources */,
				0248B3C82A698843000D19E5 /* CommerceDemoxApp.swift in Sources */,
				0248B3F32A698880000D19E5 /* ProductListViewModel.swift in Sources */,
				0248B3F82A6988F3000D19E5 /* NetworkError.swift in Sources */,
				0248B40A2A698D8B000D19E5 /* FiltersBar.swift in Sources */,
				0248B41F2A699095000D19E5 /* HLine.swift in Sources */,
				0248B4122A698F56000D19E5 /* Category.swift in Sources */,
				0248B41B2A699036000D19E5 /* WideButton.swift in Sources */,
				0248B41D2A699077000D19E5 /* VLine.swift in Sources */,
				0248B4082A698D53000D19E5 /* SearchBar.swift in Sources */,
				02EBD62F2A69924B001EDF95 /* UserInfoBarView.swift in Sources */,
				02EBD7382A6FDB49001EDF95 /* ProductResponseKeyName.swift in Sources */,
				02EBD63F2A6A3B8D001EDF95 /* SelectableCircles.swift in Sources */,
				0248B4022A698A23000D19E5 /* MyCartScreen.swift in Sources */,
				028A05FF2A8AAE910008F2F8 /* PaymentManager.swift in Sources */,
				02EBD6312A69C4AB001EDF95 /* ProductDetailsScreen.swift in Sources */,
				02EBD73A2A6FE470001EDF95 /* GridCellButton.swift in Sources */,
				02EBD63B2A6A2BDC001EDF95 /* ProductDetails.swift in Sources */,
				0248B40D2A698E59000D19E5 /* SectionHeader.swift in Sources */,
			);
			runOnlyForDeploymentPostprocessing = 0;
		};
		0248B3D02A698845000D19E5 /* Sources */ = {
			isa = PBXSourcesBuildPhase;
			buildActionMask = 2147483647;
			files = (
				0248B3D92A698845000D19E5 /* CommerceDemoxTests.swift in Sources */,
			);
			runOnlyForDeploymentPostprocessing = 0;
		};
		0248B3DA2A698845000D19E5 /* Sources */ = {
			isa = PBXSourcesBuildPhase;
			buildActionMask = 2147483647;
			files = (
				0248B3E32A698845000D19E5 /* CommerceDemoxUITests.swift in Sources */,
				0248B3E52A698845000D19E5 /* CommerceDemoxUITestsLaunchTests.swift in Sources */,
			);
			runOnlyForDeploymentPostprocessing = 0;
		};
/* End PBXSourcesBuildPhase section */

/* Begin PBXTargetDependency section */
		0248B3D62A698845000D19E5 /* PBXTargetDependency */ = {
			isa = PBXTargetDependency;
			target = 0248B3C32A698843000D19E5 /* CommerceDemox */;
			targetProxy = 0248B3D52A698845000D19E5 /* PBXContainerItemProxy */;
		};
		0248B3E02A698845000D19E5 /* PBXTargetDependency */ = {
			isa = PBXTargetDependency;
			target = 0248B3C32A698843000D19E5 /* CommerceDemox */;
			targetProxy = 0248B3DF2A698845000D19E5 /* PBXContainerItemProxy */;
		};
/* End PBXTargetDependency section */

/* Begin PBXVariantGroup section */
		02EBD6442A6AB743001EDF95 /* Localizable.strings */ = {
			isa = PBXVariantGroup;
			children = (
				02EBD6432A6AB743001EDF95 /* en */,
				02EBD6452A6AB758001EDF95 /* fr */,
				02EBD6462A6AB75F001EDF95 /* vi */,
			);
			name = Localizable.strings;
			sourceTree = "<group>";
		};
/* End PBXVariantGroup section */

/* Begin XCBuildConfiguration section */
		0248B3E62A698845000D19E5 /* Debug */ = {
			isa = XCBuildConfiguration;
			buildSettings = {
				ALWAYS_SEARCH_USER_PATHS = NO;
				CLANG_ANALYZER_NONNULL = YES;
				CLANG_ANALYZER_NUMBER_OBJECT_CONVERSION = YES_AGGRESSIVE;
				CLANG_CXX_LANGUAGE_STANDARD = "gnu++20";
				CLANG_ENABLE_MODULES = YES;
				CLANG_ENABLE_OBJC_ARC = YES;
				CLANG_ENABLE_OBJC_WEAK = YES;
				CLANG_WARN_BLOCK_CAPTURE_AUTORELEASING = YES;
				CLANG_WARN_BOOL_CONVERSION = YES;
				CLANG_WARN_COMMA = YES;
				CLANG_WARN_CONSTANT_CONVERSION = YES;
				CLANG_WARN_DEPRECATED_OBJC_IMPLEMENTATIONS = YES;
				CLANG_WARN_DIRECT_OBJC_ISA_USAGE = YES_ERROR;
				CLANG_WARN_DOCUMENTATION_COMMENTS = YES;
				CLANG_WARN_EMPTY_BODY = YES;
				CLANG_WARN_ENUM_CONVERSION = YES;
				CLANG_WARN_INFINITE_RECURSION = YES;
				CLANG_WARN_INT_CONVERSION = YES;
				CLANG_WARN_NON_LITERAL_NULL_CONVERSION = YES;
				CLANG_WARN_OBJC_IMPLICIT_RETAIN_SELF = YES;
				CLANG_WARN_OBJC_LITERAL_CONVERSION = YES;
				CLANG_WARN_OBJC_ROOT_CLASS = YES_ERROR;
				CLANG_WARN_QUOTED_INCLUDE_IN_FRAMEWORK_HEADER = YES;
				CLANG_WARN_RANGE_LOOP_ANALYSIS = YES;
				CLANG_WARN_STRICT_PROTOTYPES = YES;
				CLANG_WARN_SUSPICIOUS_MOVE = YES;
				CLANG_WARN_UNGUARDED_AVAILABILITY = YES_AGGRESSIVE;
				CLANG_WARN_UNREACHABLE_CODE = YES;
				CLANG_WARN__DUPLICATE_METHOD_MATCH = YES;
				COPY_PHASE_STRIP = NO;
				DEBUG_INFORMATION_FORMAT = dwarf;
				ENABLE_STRICT_OBJC_MSGSEND = YES;
				ENABLE_TESTABILITY = YES;
				GCC_C_LANGUAGE_STANDARD = gnu11;
				GCC_DYNAMIC_NO_PIC = NO;
				GCC_NO_COMMON_BLOCKS = YES;
				GCC_OPTIMIZATION_LEVEL = 0;
				GCC_PREPROCESSOR_DEFINITIONS = (
					"DEBUG=1",
					"$(inherited)",
				);
				GCC_WARN_64_TO_32_BIT_CONVERSION = YES;
				GCC_WARN_ABOUT_RETURN_TYPE = YES_ERROR;
				GCC_WARN_UNDECLARED_SELECTOR = YES;
				GCC_WARN_UNINITIALIZED_AUTOS = YES_AGGRESSIVE;
				GCC_WARN_UNUSED_FUNCTION = YES;
				GCC_WARN_UNUSED_VARIABLE = YES;
				IPHONEOS_DEPLOYMENT_TARGET = 16.4;
				MTL_ENABLE_DEBUG_INFO = INCLUDE_SOURCE;
				MTL_FAST_MATH = YES;
				ONLY_ACTIVE_ARCH = YES;
				SDKROOT = iphoneos;
				SWIFT_ACTIVE_COMPILATION_CONDITIONS = DEBUG;
				SWIFT_OPTIMIZATION_LEVEL = "-Onone";
			};
			name = Debug;
		};
		0248B3E72A698845000D19E5 /* Release */ = {
			isa = XCBuildConfiguration;
			buildSettings = {
				ALWAYS_SEARCH_USER_PATHS = NO;
				CLANG_ANALYZER_NONNULL = YES;
				CLANG_ANALYZER_NUMBER_OBJECT_CONVERSION = YES_AGGRESSIVE;
				CLANG_CXX_LANGUAGE_STANDARD = "gnu++20";
				CLANG_ENABLE_MODULES = YES;
				CLANG_ENABLE_OBJC_ARC = YES;
				CLANG_ENABLE_OBJC_WEAK = YES;
				CLANG_WARN_BLOCK_CAPTURE_AUTORELEASING = YES;
				CLANG_WARN_BOOL_CONVERSION = YES;
				CLANG_WARN_COMMA = YES;
				CLANG_WARN_CONSTANT_CONVERSION = YES;
				CLANG_WARN_DEPRECATED_OBJC_IMPLEMENTATIONS = YES;
				CLANG_WARN_DIRECT_OBJC_ISA_USAGE = YES_ERROR;
				CLANG_WARN_DOCUMENTATION_COMMENTS = YES;
				CLANG_WARN_EMPTY_BODY = YES;
				CLANG_WARN_ENUM_CONVERSION = YES;
				CLANG_WARN_INFINITE_RECURSION = YES;
				CLANG_WARN_INT_CONVERSION = YES;
				CLANG_WARN_NON_LITERAL_NULL_CONVERSION = YES;
				CLANG_WARN_OBJC_IMPLICIT_RETAIN_SELF = YES;
				CLANG_WARN_OBJC_LITERAL_CONVERSION = YES;
				CLANG_WARN_OBJC_ROOT_CLASS = YES_ERROR;
				CLANG_WARN_QUOTED_INCLUDE_IN_FRAMEWORK_HEADER = YES;
				CLANG_WARN_RANGE_LOOP_ANALYSIS = YES;
				CLANG_WARN_STRICT_PROTOTYPES = YES;
				CLANG_WARN_SUSPICIOUS_MOVE = YES;
				CLANG_WARN_UNGUARDED_AVAILABILITY = YES_AGGRESSIVE;
				CLANG_WARN_UNREACHABLE_CODE = YES;
				CLANG_WARN__DUPLICATE_METHOD_MATCH = YES;
				COPY_PHASE_STRIP = NO;
				DEBUG_INFORMATION_FORMAT = "dwarf-with-dsym";
				ENABLE_NS_ASSERTIONS = NO;
				ENABLE_STRICT_OBJC_MSGSEND = YES;
				GCC_C_LANGUAGE_STANDARD = gnu11;
				GCC_NO_COMMON_BLOCKS = YES;
				GCC_WARN_64_TO_32_BIT_CONVERSION = YES;
				GCC_WARN_ABOUT_RETURN_TYPE = YES_ERROR;
				GCC_WARN_UNDECLARED_SELECTOR = YES;
				GCC_WARN_UNINITIALIZED_AUTOS = YES_AGGRESSIVE;
				GCC_WARN_UNUSED_FUNCTION = YES;
				GCC_WARN_UNUSED_VARIABLE = YES;
				IPHONEOS_DEPLOYMENT_TARGET = 16.4;
				MTL_ENABLE_DEBUG_INFO = NO;
				MTL_FAST_MATH = YES;
				SDKROOT = iphoneos;
				SWIFT_COMPILATION_MODE = wholemodule;
				SWIFT_OPTIMIZATION_LEVEL = "-O";
				VALIDATE_PRODUCT = YES;
			};
			name = Release;
		};
		0248B3E92A698845000D19E5 /* Debug */ = {
			isa = XCBuildConfiguration;
			buildSettings = {
				ASSETCATALOG_COMPILER_APPICON_NAME = AppIcon;
				ASSETCATALOG_COMPILER_GLOBAL_ACCENT_COLOR_NAME = AccentColor;
				CODE_SIGN_ENTITLEMENTS = CommerceDemox/CommerceDemox.entitlements;
				CODE_SIGN_STYLE = Automatic;
				CURRENT_PROJECT_VERSION = 1;
				DEVELOPMENT_ASSET_PATHS = "\"CommerceDemox/Preview Content\"";
				DEVELOPMENT_TEAM = CQK7SQ9L79;
				ENABLE_PREVIEWS = YES;
				GENERATE_INFOPLIST_FILE = YES;
				INFOPLIST_KEY_UIApplicationSceneManifest_Generation = YES;
				INFOPLIST_KEY_UIApplicationSupportsIndirectInputEvents = YES;
				INFOPLIST_KEY_UILaunchScreen_Generation = YES;
				INFOPLIST_KEY_UISupportedInterfaceOrientations_iPad = "UIInterfaceOrientationPortrait UIInterfaceOrientationPortraitUpsideDown UIInterfaceOrientationLandscapeLeft UIInterfaceOrientationLandscapeRight";
				INFOPLIST_KEY_UISupportedInterfaceOrientations_iPhone = "UIInterfaceOrientationPortrait UIInterfaceOrientationLandscapeLeft UIInterfaceOrientationLandscapeRight";
				LD_RUNPATH_SEARCH_PATHS = (
					"$(inherited)",
					"@executable_path/Frameworks",
				);
				MARKETING_VERSION = 1.0;
				PRODUCT_BUNDLE_IDENTIFIER = MTC.CommerceDemox;
				PRODUCT_NAME = "$(TARGET_NAME)";
				SWIFT_EMIT_LOC_STRINGS = YES;
				SWIFT_VERSION = 5.0;
				TARGETED_DEVICE_FAMILY = "1,2";
			};
			name = Debug;
		};
		0248B3EA2A698845000D19E5 /* Release */ = {
			isa = XCBuildConfiguration;
			buildSettings = {
				ASSETCATALOG_COMPILER_APPICON_NAME = AppIcon;
				ASSETCATALOG_COMPILER_GLOBAL_ACCENT_COLOR_NAME = AccentColor;
				CODE_SIGN_ENTITLEMENTS = CommerceDemox/CommerceDemox.entitlements;
				CODE_SIGN_STYLE = Automatic;
				CURRENT_PROJECT_VERSION = 1;
				DEVELOPMENT_ASSET_PATHS = "\"CommerceDemox/Preview Content\"";
				DEVELOPMENT_TEAM = CQK7SQ9L79;
				ENABLE_PREVIEWS = YES;
				GENERATE_INFOPLIST_FILE = YES;
				INFOPLIST_KEY_UIApplicationSceneManifest_Generation = YES;
				INFOPLIST_KEY_UIApplicationSupportsIndirectInputEvents = YES;
				INFOPLIST_KEY_UILaunchScreen_Generation = YES;
				INFOPLIST_KEY_UISupportedInterfaceOrientations_iPad = "UIInterfaceOrientationPortrait UIInterfaceOrientationPortraitUpsideDown UIInterfaceOrientationLandscapeLeft UIInterfaceOrientationLandscapeRight";
				INFOPLIST_KEY_UISupportedInterfaceOrientations_iPhone = "UIInterfaceOrientationPortrait UIInterfaceOrientationLandscapeLeft UIInterfaceOrientationLandscapeRight";
				LD_RUNPATH_SEARCH_PATHS = (
					"$(inherited)",
					"@executable_path/Frameworks",
				);
				MARKETING_VERSION = 1.0;
				PRODUCT_BUNDLE_IDENTIFIER = MTC.CommerceDemox;
				PRODUCT_NAME = "$(TARGET_NAME)";
				SWIFT_EMIT_LOC_STRINGS = YES;
				SWIFT_VERSION = 5.0;
				TARGETED_DEVICE_FAMILY = "1,2";
			};
			name = Release;
		};
		0248B3EC2A698845000D19E5 /* Debug */ = {
			isa = XCBuildConfiguration;
			buildSettings = {
				ALWAYS_EMBED_SWIFT_STANDARD_LIBRARIES = YES;
				BUNDLE_LOADER = "$(TEST_HOST)";
				CODE_SIGN_STYLE = Automatic;
				CURRENT_PROJECT_VERSION = 1;
				GENERATE_INFOPLIST_FILE = YES;
				IPHONEOS_DEPLOYMENT_TARGET = 16.4;
				MARKETING_VERSION = 1.0;
				PRODUCT_BUNDLE_IDENTIFIER = MTC.CommerceDemoxTests;
				PRODUCT_NAME = "$(TARGET_NAME)";
				SWIFT_EMIT_LOC_STRINGS = NO;
				SWIFT_VERSION = 5.0;
				TARGETED_DEVICE_FAMILY = "1,2";
				TEST_HOST = "$(BUILT_PRODUCTS_DIR)/CommerceDemox.app/$(BUNDLE_EXECUTABLE_FOLDER_PATH)/CommerceDemox";
			};
			name = Debug;
		};
		0248B3ED2A698845000D19E5 /* Release */ = {
			isa = XCBuildConfiguration;
			buildSettings = {
				ALWAYS_EMBED_SWIFT_STANDARD_LIBRARIES = YES;
				BUNDLE_LOADER = "$(TEST_HOST)";
				CODE_SIGN_STYLE = Automatic;
				CURRENT_PROJECT_VERSION = 1;
				GENERATE_INFOPLIST_FILE = YES;
				IPHONEOS_DEPLOYMENT_TARGET = 16.4;
				MARKETING_VERSION = 1.0;
				PRODUCT_BUNDLE_IDENTIFIER = MTC.CommerceDemoxTests;
				PRODUCT_NAME = "$(TARGET_NAME)";
				SWIFT_EMIT_LOC_STRINGS = NO;
				SWIFT_VERSION = 5.0;
				TARGETED_DEVICE_FAMILY = "1,2";
				TEST_HOST = "$(BUILT_PRODUCTS_DIR)/CommerceDemox.app/$(BUNDLE_EXECUTABLE_FOLDER_PATH)/CommerceDemox";
			};
			name = Release;
		};
		0248B3EF2A698845000D19E5 /* Debug */ = {
			isa = XCBuildConfiguration;
			buildSettings = {
				ALWAYS_EMBED_SWIFT_STANDARD_LIBRARIES = YES;
				CODE_SIGN_STYLE = Automatic;
				CURRENT_PROJECT_VERSION = 1;
				GENERATE_INFOPLIST_FILE = YES;
				MARKETING_VERSION = 1.0;
				PRODUCT_BUNDLE_IDENTIFIER = MTC.CommerceDemoxUITests;
				PRODUCT_NAME = "$(TARGET_NAME)";
				SWIFT_EMIT_LOC_STRINGS = NO;
				SWIFT_VERSION = 5.0;
				TARGETED_DEVICE_FAMILY = "1,2";
				TEST_TARGET_NAME = CommerceDemox;
			};
			name = Debug;
		};
		0248B3F02A698845000D19E5 /* Release */ = {
			isa = XCBuildConfiguration;
			buildSettings = {
				ALWAYS_EMBED_SWIFT_STANDARD_LIBRARIES = YES;
				CODE_SIGN_STYLE = Automatic;
				CURRENT_PROJECT_VERSION = 1;
				GENERATE_INFOPLIST_FILE = YES;
				MARKETING_VERSION = 1.0;
				PRODUCT_BUNDLE_IDENTIFIER = MTC.CommerceDemoxUITests;
				PRODUCT_NAME = "$(TARGET_NAME)";
				SWIFT_EMIT_LOC_STRINGS = NO;
				SWIFT_VERSION = 5.0;
				TARGETED_DEVICE_FAMILY = "1,2";
				TEST_TARGET_NAME = CommerceDemox;
			};
			name = Release;
		};
/* End XCBuildConfiguration section */

/* Begin XCConfigurationList section */
		0248B3BF2A698843000D19E5 /* Build configuration list for PBXProject "CommerceDemox" */ = {
			isa = XCConfigurationList;
			buildConfigurations = (
				0248B3E62A698845000D19E5 /* Debug */,
				0248B3E72A698845000D19E5 /* Release */,
			);
			defaultConfigurationIsVisible = 0;
			defaultConfigurationName = Release;
		};
		0248B3E82A698845000D19E5 /* Build configuration list for PBXNativeTarget "CommerceDemox" */ = {
			isa = XCConfigurationList;
			buildConfigurations = (
				0248B3E92A698845000D19E5 /* Debug */,
				0248B3EA2A698845000D19E5 /* Release */,
			);
			defaultConfigurationIsVisible = 0;
			defaultConfigurationName = Release;
		};
		0248B3EB2A698845000D19E5 /* Build configuration list for PBXNativeTarget "CommerceDemoxTests" */ = {
			isa = XCConfigurationList;
			buildConfigurations = (
				0248B3EC2A698845000D19E5 /* Debug */,
				0248B3ED2A698845000D19E5 /* Release */,
			);
			defaultConfigurationIsVisible = 0;
			defaultConfigurationName = Release;
		};
		0248B3EE2A698845000D19E5 /* Build configuration list for PBXNativeTarget "CommerceDemoxUITests" */ = {
			isa = XCConfigurationList;
			buildConfigurations = (
				0248B3EF2A698845000D19E5 /* Debug */,
				0248B3F02A698845000D19E5 /* Release */,
			);
			defaultConfigurationIsVisible = 0;
			defaultConfigurationName = Release;
		};
/* End XCConfigurationList section */
	};
	rootObject = 0248B3BC2A698843000D19E5 /* Project object */;
}
